
Microsoft Visual Studio Solution File, Format Version 12.00
# Visual Studio Version 17
VisualStudioVersion = 17.8.34330.188
MinimumVisualStudioVersion = 10.0.40219.1
Project("{FAE04EC0-301F-11D3-BF4B-00C04F79EFBC}") = "SocketH4", "SocketH4\SocketH4.csproj", "{39737442-3D9E-4B27-8012-1F8B2C2C7608}"
EndProject
Global
	GlobalSection(SolutionConfigurationPlatforms) = preSolution
		Debug|Any CPU = Debug|Any CPU
		Release|Any CPU = Release|Any CPU
	EndGlobalSection
	GlobalSection(ProjectConfigurationPlatforms) = postSolution
		{39737442-3D9E-4B27-8012-1F8B2C2C7608}.Debug|Any CPU.ActiveCfg = Debug|Any CPU
		{39737442-3D9E-4B27-8012-1F8B2C2C7608}.Debug|Any CPU.Build.0 = Debug|Any CPU
		{39737442-3D9E-4B27-8012-1F8B2C2C7608}.Release|Any CPU.ActiveCfg = Release|Any CPU
		{39737442-3D9E-4B27-8012-1F8B2C2C7608}.Release|Any CPU.Build.0 = Release|Any CPU
	EndGlobalSection
	GlobalSection(SolutionProperties) = preSolution
		HideSolutionNode = FALSE
	EndGlobalSection
	GlobalSection(ExtensibilityGlobals) = postSolution
		SolutionGuid = {A8BA0A71-8CD1-4A6A-8160-EAA351505C98}
	EndGlobalSection
EndGlobal
